
Microsoft Visual Studio Solution File, Format Version 12.00
# Visual Studio 15
VisualStudioVersion = 15.0.26730.12
MinimumVisualStudioVersion = 10.0.40219.1
Project("{9A19103F-16F7-4668-BE54-9A1E7A4F7556}") = "MailSender", "MailSender\MailSender.csproj", "{840E7E10-FF08-4ADF-8A6F-CBC43FA2D94F}"
EndProject
Project("{9A19103F-16F7-4668-BE54-9A1E7A4F7556}") = "SiedliskoCommon", "..\pSiedlisko\SiedliskoCommon\SiedliskoCommon.csproj", "{5E796014-98C7-4E09-95CD-2454F321AFB2}"
EndProject
Global
	GlobalSection(SolutionConfigurationPlatforms) = preSolution
		Debug|Any CPU = Debug|Any CPU
		Release|Any CPU = Release|Any CPU
	EndGlobalSection
	GlobalSection(ProjectConfigurationPlatforms) = postSolution
		{840E7E10-FF08-4ADF-8A6F-CBC43FA2D94F}.Debug|Any CPU.ActiveCfg = Debug|Any CPU
		{840E7E10-FF08-4ADF-8A6F-CBC43FA2D94F}.Debug|Any CPU.Build.0 = Debug|Any CPU
		{840E7E10-FF08-4ADF-8A6F-CBC43FA2D94F}.Release|Any CPU.ActiveCfg = Release|Any CPU
		{840E7E10-FF08-4ADF-8A6F-CBC43FA2D94F}.Release|Any CPU.Build.0 = Release|Any CPU
		{5E796014-98C7-4E09-95CD-2454F321AFB2}.Debug|Any CPU.ActiveCfg = Debug|Any CPU
		{5E796014-98C7-4E09-95CD-2454F321AFB2}.Debug|Any CPU.Build.0 = Debug|Any CPU
		{5E796014-98C7-4E09-95CD-2454F321AFB2}.Release|Any CPU.ActiveCfg = Release|Any CPU
		{5E796014-98C7-4E09-95CD-2454F321AFB2}.Release|Any CPU.Build.0 = Release|Any CPU
	EndGlobalSection
	GlobalSection(SolutionProperties) = preSolution
		HideSolutionNode = FALSE
	EndGlobalSection
	GlobalSection(ExtensibilityGlobals) = postSolution
		SolutionGuid = {D54BD391-B2F4-410B-9438-267F50FFA061}
	EndGlobalSection
EndGlobal
